
Microsoft Visual Studio Solution File, Format Version 12.00
# Visual Studio Version 16
VisualStudioVersion = 16.0.31424.327
MinimumVisualStudioVersion = 10.0.40219.1
Project("{9A19103F-16F7-4668-BE54-9A1E7A4F7556}") = "Intel8086", "Intel8086.csproj", "{C41A5BAE-BBF9-4C78-896A-130FDBC028F0}"
EndProject
Global
	GlobalSection(SolutionConfigurationPlatforms) = preSolution
		Debug|Any CPU = Debug|Any CPU
		Release|Any CPU = Release|Any CPU
	EndGlobalSection
	GlobalSection(ProjectConfigurationPlatforms) = postSolution
		{C41A5BAE-BBF9-4C78-896A-130FDBC028F0}.Debug|Any CPU.ActiveCfg = Debug|Any CPU
		{C41A5BAE-BBF9-4C78-896A-130FDBC028F0}.Debug|Any CPU.Build.0 = Debug|Any CPU
		{C41A5BAE-BBF9-4C78-896A-130FDBC028F0}.Release|Any CPU.ActiveCfg = Release|Any CPU
		{C41A5BAE-BBF9-4C78-896A-130FDBC028F0}.Release|Any CPU.Build.0 = Release|Any CPU
	EndGlobalSection
	GlobalSection(SolutionProperties) = preSolution
		HideSolutionNode = FALSE
	EndGlobalSection
	GlobalSection(ExtensibilityGlobals) = postSolution
		SolutionGuid = {E9C58B4D-EEE5-4CE1-A1D4-DD566D9D6CE6}
	EndGlobalSection
EndGlobal
